
Microsoft Visual Studio Solution File, Format Version 12.00
# Visual Studio 15
VisualStudioVersion = 15.0.27004.2002
MinimumVisualStudioVersion = 10.0.40219.1
Project("{9A19103F-16F7-4668-BE54-9A1E7A4F7556}") = "TurtleChallenge", "TurtleChallenge\TurtleChallenge.csproj", "{06E17520-6975-4ADD-8732-6248EB24CD1B}"
EndProject
Global
	GlobalSection(SolutionConfigurationPlatforms) = preSolution
		Debug|Any CPU = Debug|Any CPU
		Release|Any CPU = Release|Any CPU
	EndGlobalSection
	GlobalSection(ProjectConfigurationPlatforms) = postSolution
		{06E17520-6975-4ADD-8732-6248EB24CD1B}.Debug|Any CPU.ActiveCfg = Debug|Any CPU
		{06E17520-6975-4ADD-8732-6248EB24CD1B}.Debug|Any CPU.Build.0 = Debug|Any CPU
		{06E17520-6975-4ADD-8732-6248EB24CD1B}.Release|Any CPU.ActiveCfg = Release|Any CPU
		{06E17520-6975-4ADD-8732-6248EB24CD1B}.Release|Any CPU.Build.0 = Release|Any CPU
	EndGlobalSection
	GlobalSection(SolutionProperties) = preSolution
		HideSolutionNode = FALSE
	EndGlobalSection
	GlobalSection(ExtensibilityGlobals) = postSolution
		SolutionGuid = {D5DE5E21-53D0-442A-B107-0FEB9A07E4FE}
	EndGlobalSection
EndGlobal
